
Microsoft Visual Studio Solution File, Format Version 12.00
# Visual Studio 15
VisualStudioVersion = 15.0.28307.1705
MinimumVisualStudioVersion = 10.0.40219.1
Project("{8BC9CEB8-8B4A-11D0-8D11-00A0C91BC942}") = "HW", "HW\HW.vcxproj", "{5BD2B775-7CB4-4E7F-B744-2ADE7602A154}"
EndProject
Global
	GlobalSection(SolutionConfigurationPlatforms) = preSolution
		Debug|x64 = Debug|x64
		Debug|x86 = Debug|x86
		Release|x64 = Release|x64
		Release|x86 = Release|x86
	EndGlobalSection
	GlobalSection(ProjectConfigurationPlatforms) = postSolution
		{5BD2B775-7CB4-4E7F-B744-2ADE7602A154}.Debug|x64.ActiveCfg = Debug|x64
		{5BD2B775-7CB4-4E7F-B744-2ADE7602A154}.Debug|x64.Build.0 = Debug|x64
		{5BD2B775-7CB4-4E7F-B744-2ADE7602A154}.Debug|x86.ActiveCfg = Debug|Win32
		{5BD2B775-7CB4-4E7F-B744-2ADE7602A154}.Debug|x86.Build.0 = Debug|Win32
		{5BD2B775-7CB4-4E7F-B744-2ADE7602A154}.Release|x64.ActiveCfg = Release|x64
		{5BD2B775-7CB4-4E7F-B744-2ADE7602A154}.Release|x64.Build.0 = Release|x64
		{5BD2B775-7CB4-4E7F-B744-2ADE7602A154}.Release|x86.ActiveCfg = Release|Win32
		{5BD2B775-7CB4-4E7F-B744-2ADE7602A154}.Release|x86.Build.0 = Release|Win32
	EndGlobalSection
	GlobalSection(SolutionProperties) = preSolution
		HideSolutionNode = FALSE
	EndGlobalSection
	GlobalSection(ExtensibilityGlobals) = postSolution
		SolutionGuid = {3ECF89F6-55C5-4124-AD9B-4FE6FD444A63}
	EndGlobalSection
EndGlobal
